// !$*UTF8*$!
{
	archiveVersion = 1;
	classes = {
	};
	objectVersion = 56;
	objects = {

/* Begin PBXBuildFile section */
		526B96912A62CF9900F663A9 /* AppDelegate.swift in Sources */ = {isa = PBXBuildFile; fileRef = 526B96902A62CF9900F663A9 /* AppDelegate.swift */; };
		526B96932A62CF9900F663A9 /* SceneDelegate.swift in Sources */ = {isa = PBXBuildFile; fileRef = 526B96922A62CF9900F663A9 /* SceneDelegate.swift */; };
		526B96982A62CF9900F663A9 /* Main.storyboard in Resources */ = {isa = PBXBuildFile; fileRef = 526B96962A62CF9900F663A9 /* Main.storyboard */; };
		526B969A2A62CF9A00F663A9 /* Assets.xcassets in Resources */ = {isa = PBXBuildFile; fileRef = 526B96992A62CF9A00F663A9 /* Assets.xcassets */; };
		526B969D2A62CF9A00F663A9 /* LaunchScreen.storyboard in Resources */ = {isa = PBXBuildFile; fileRef = 526B969B2A62CF9A00F663A9 /* LaunchScreen.storyboard */; };
		526B96A82A62CF9A00F663A9 /* RandomCatGeneratorSwiftTests.swift in Sources */ = {isa = PBXBuildFile; fileRef = 526B96A72A62CF9A00F663A9 /* RandomCatGeneratorSwiftTests.swift */; };
		526B96B22A62CF9A00F663A9 /* RandomCatGeneratorSwiftUITests.swift in Sources */ = {isa = PBXBuildFile; fileRef = 526B96B12A62CF9A00F663A9 /* RandomCatGeneratorSwiftUITests.swift */; };
		526B96B42A62CF9A00F663A9 /* RandomCatGeneratorSwiftUITestsLaunchTests.swift in Sources */ = {isa = PBXBuildFile; fileRef = 526B96B32A62CF9A00F663A9 /* RandomCatGeneratorSwiftUITestsLaunchTests.swift */; };
		526B96C12A62E34B00F663A9 /* MainVC.swift in Sources */ = {isa = PBXBuildFile; fileRef = 526B96C02A62E34B00F663A9 /* MainVC.swift */; };
		526B96C32A62EC4500F663A9 /* GalleryVC.swift in Sources */ = {isa = PBXBuildFile; fileRef = 526B96C22A62EC4500F663A9 /* GalleryVC.swift */; };
		526E3F542A699FD400F1279E /* CatTableViewCell.swift in Sources */ = {isa = PBXBuildFile; fileRef = 526E3F532A699FD400F1279E /* CatTableViewCell.swift */; };
		526E3F592A69AC6D00F1279E /* Model.xcdatamodeld in Sources */ = {isa = PBXBuildFile; fileRef = 526E3F572A69AC6D00F1279E /* Model.xcdatamodeld */; };
		526E3F5E2A69BCEF00F1279E /* CatGallery+CoreDataClass.swift in Sources */ = {isa = PBXBuildFile; fileRef = 526E3F5C2A69BCEF00F1279E /* CatGallery+CoreDataClass.swift */; };
		526E3F5F2A69BCEF00F1279E /* CatGallery+CoreDataProperties.swift in Sources */ = {isa = PBXBuildFile; fileRef = 526E3F5D2A69BCEF00F1279E /* CatGallery+CoreDataProperties.swift */; };
		526E3F612A69C09E00F1279E /* PersistentContainer.swift in Sources */ = {isa = PBXBuildFile; fileRef = 526E3F602A69C09E00F1279E /* PersistentContainer.swift */; };
		526E3F652A6A8A9100F1279E /* Interactor.swift in Sources */ = {isa = PBXBuildFile; fileRef = 526E3F642A6A8A9100F1279E /* Interactor.swift */; };
		526E3F6A2A6AE6A500F1279E /* AnonymousCat.png in Resources */ = {isa = PBXBuildFile; fileRef = 526E3F692A6AE6A500F1279E /* AnonymousCat.png */; };
		526E3F6C2A6B2B2600F1279E /* CatDetailVC.swift in Sources */ = {isa = PBXBuildFile; fileRef = 526E3F6B2A6B2B2600F1279E /* CatDetailVC.swift */; };
		7C6AA1F92A6A6C1B0023CF34 /* APITarget.swift in Sources */ = {isa = PBXBuildFile; fileRef = 7C6AA1F82A6A6C1B0023CF34 /* APITarget.swift */; };
		7C6AA1FC2A6A6C600023CF34 /* CombineMoya in Frameworks */ = {isa = PBXBuildFile; productRef = 7C6AA1FB2A6A6C600023CF34 /* CombineMoya */; };
		7C6AA1FE2A6A6C600023CF34 /* Moya in Frameworks */ = {isa = PBXBuildFile; productRef = 7C6AA1FD2A6A6C600023CF34 /* Moya */; };
		7C6AA2002A6A6C600023CF34 /* ReactiveMoya in Frameworks */ = {isa = PBXBuildFile; productRef = 7C6AA1FF2A6A6C600023CF34 /* ReactiveMoya */; };
		7C6AA2022A6A6C600023CF34 /* RxMoya in Frameworks */ = {isa = PBXBuildFile; productRef = 7C6AA2012A6A6C600023CF34 /* RxMoya */; };
		7C6AA2042A6A6E4B0023CF34 /* NetworkManager.swift in Sources */ = {isa = PBXBuildFile; fileRef = 7C6AA2032A6A6E4B0023CF34 /* NetworkManager.swift */; };
		7C6AA2062A6A6EF30023CF34 /* CatResponseModel.swift in Sources */ = {isa = PBXBuildFile; fileRef = 7C6AA2052A6A6EF30023CF34 /* CatResponseModel.swift */; };
/* End PBXBuildFile section */

/* Begin PBXContainerItemProxy section */
		526B96A42A62CF9A00F663A9 /* PBXContainerItemProxy */ = {
			isa = PBXContainerItemProxy;
			containerPortal = 526B96852A62CF9900F663A9 /* Project object */;
			proxyType = 1;
			remoteGlobalIDString = 526B968C2A62CF9900F663A9;
			remoteInfo = RandomCatGeneratorSwift;
		};
		526B96AE2A62CF9A00F663A9 /* PBXContainerItemProxy */ = {
			isa = PBXContainerItemProxy;
			containerPortal = 526B96852A62CF9900F663A9 /* Project object */;
			proxyType = 1;
			remoteGlobalIDString = 526B968C2A62CF9900F663A9;
			remoteInfo = RandomCatGeneratorSwift;
		};
/* End PBXContainerItemProxy section */

/* Begin PBXFileReference section */
		526B968D2A62CF9900F663A9 /* RandomCatGeneratorSwift.app */ = {isa = PBXFileReference; explicitFileType = wrapper.application; includeInIndex = 0; path = RandomCatGeneratorSwift.app; sourceTree = BUILT_PRODUCTS_DIR; };
		526B96902A62CF9900F663A9 /* AppDelegate.swift */ = {isa = PBXFileReference; lastKnownFileType = sourcecode.swift; path = AppDelegate.swift; sourceTree = "<group>"; };
		526B96922A62CF9900F663A9 /* SceneDelegate.swift */ = {isa = PBXFileReference; lastKnownFileType = sourcecode.swift; path = SceneDelegate.swift; sourceTree = "<group>"; };
		526B96972A62CF9900F663A9 /* Base */ = {isa = PBXFileReference; lastKnownFileType = file.storyboard; name = Base; path = Base.lproj/Main.storyboard; sourceTree = "<group>"; };
		526B96992A62CF9A00F663A9 /* Assets.xcassets */ = {isa = PBXFileReference; lastKnownFileType = folder.assetcatalog; path = Assets.xcassets; sourceTree = "<group>"; };
		526B969C2A62CF9A00F663A9 /* Base */ = {isa = PBXFileReference; lastKnownFileType = file.storyboard; name = Base; path = Base.lproj/LaunchScreen.storyboard; sourceTree = "<group>"; };
		526B969E2A62CF9A00F663A9 /* Info.plist */ = {isa = PBXFileReference; lastKnownFileType = text.plist.xml; path = Info.plist; sourceTree = "<group>"; };
		526B96A32A62CF9A00F663A9 /* RandomCatGeneratorSwiftTests.xctest */ = {isa = PBXFileReference; explicitFileType = wrapper.cfbundle; includeInIndex = 0; path = RandomCatGeneratorSwiftTests.xctest; sourceTree = BUILT_PRODUCTS_DIR; };
		526B96A72A62CF9A00F663A9 /* RandomCatGeneratorSwiftTests.swift */ = {isa = PBXFileReference; lastKnownFileType = sourcecode.swift; path = RandomCatGeneratorSwiftTests.swift; sourceTree = "<group>"; };
		526B96AD2A62CF9A00F663A9 /* RandomCatGeneratorSwiftUITests.xctest */ = {isa = PBXFileReference; explicitFileType = wrapper.cfbundle; includeInIndex = 0; path = RandomCatGeneratorSwiftUITests.xctest; sourceTree = BUILT_PRODUCTS_DIR; };
		526B96B12A62CF9A00F663A9 /* RandomCatGeneratorSwiftUITests.swift */ = {isa = PBXFileReference; lastKnownFileType = sourcecode.swift; path = RandomCatGeneratorSwiftUITests.swift; sourceTree = "<group>"; };
		526B96B32A62CF9A00F663A9 /* RandomCatGeneratorSwiftUITestsLaunchTests.swift */ = {isa = PBXFileReference; lastKnownFileType = sourcecode.swift; path = RandomCatGeneratorSwiftUITestsLaunchTests.swift; sourceTree = "<group>"; };
		526B96C02A62E34B00F663A9 /* MainVC.swift */ = {isa = PBXFileReference; lastKnownFileType = sourcecode.swift; path = MainVC.swift; sourceTree = "<group>"; };
		526B96C22A62EC4500F663A9 /* GalleryVC.swift */ = {isa = PBXFileReference; lastKnownFileType = sourcecode.swift; path = GalleryVC.swift; sourceTree = "<group>"; };
		526E3F532A699FD400F1279E /* CatTableViewCell.swift */ = {isa = PBXFileReference; lastKnownFileType = sourcecode.swift; path = CatTableViewCell.swift; sourceTree = "<group>"; };
		526E3F582A69AC6D00F1279E /* Model.xcdatamodel */ = {isa = PBXFileReference; lastKnownFileType = wrapper.xcdatamodel; path = Model.xcdatamodel; sourceTree = "<group>"; };
		526E3F5C2A69BCEF00F1279E /* CatGallery+CoreDataClass.swift */ = {isa = PBXFileReference; lastKnownFileType = sourcecode.swift; name = "CatGallery+CoreDataClass.swift"; path = "RandomCatGeneratorSwift/CatGallery+CoreDataClass.swift"; sourceTree = "<group>"; };
		526E3F5D2A69BCEF00F1279E /* CatGallery+CoreDataProperties.swift */ = {isa = PBXFileReference; lastKnownFileType = sourcecode.swift; name = "CatGallery+CoreDataProperties.swift"; path = "RandomCatGeneratorSwift/CatGallery+CoreDataProperties.swift"; sourceTree = "<group>"; };
		526E3F602A69C09E00F1279E /* PersistentContainer.swift */ = {isa = PBXFileReference; lastKnownFileType = sourcecode.swift; path = PersistentContainer.swift; sourceTree = "<group>"; };
		526E3F642A6A8A9100F1279E /* Interactor.swift */ = {isa = PBXFileReference; lastKnownFileType = sourcecode.swift; path = Interactor.swift; sourceTree = "<group>"; };
		526E3F692A6AE6A500F1279E /* AnonymousCat.png */ = {isa = PBXFileReference; lastKnownFileType = image.png; path = AnonymousCat.png; sourceTree = "<group>"; };
		526E3F6B2A6B2B2600F1279E /* CatDetailVC.swift */ = {isa = PBXFileReference; lastKnownFileType = sourcecode.swift; path = CatDetailVC.swift; sourceTree = "<group>"; };
		7C6AA1F82A6A6C1B0023CF34 /* APITarget.swift */ = {isa = PBXFileReference; lastKnownFileType = sourcecode.swift; path = APITarget.swift; sourceTree = "<group>"; };
		7C6AA2032A6A6E4B0023CF34 /* NetworkManager.swift */ = {isa = PBXFileReference; lastKnownFileType = sourcecode.swift; path = NetworkManager.swift; sourceTree = "<group>"; };
		7C6AA2052A6A6EF30023CF34 /* CatResponseModel.swift */ = {isa = PBXFileReference; lastKnownFileType = sourcecode.swift; path = CatResponseModel.swift; sourceTree = "<group>"; };
/* End PBXFileReference section */

/* Begin PBXFrameworksBuildPhase section */
		526B968A2A62CF9900F663A9 /* Frameworks */ = {
			isa = PBXFrameworksBuildPhase;
			buildActionMask = 2147483647;
			files = (
				7C6AA1FE2A6A6C600023CF34 /* Moya in Frameworks */,
				7C6AA1FC2A6A6C600023CF34 /* CombineMoya in Frameworks */,
				7C6AA2022A6A6C600023CF34 /* RxMoya in Frameworks */,
				7C6AA2002A6A6C600023CF34 /* ReactiveMoya in Frameworks */,
			);
			runOnlyForDeploymentPostprocessing = 0;
		};
		526B96A02A62CF9A00F663A9 /* Frameworks */ = {
			isa = PBXFrameworksBuildPhase;
			buildActionMask = 2147483647;
			files = (
			);
			runOnlyForDeploymentPostprocessing = 0;
		};
		526B96AA2A62CF9A00F663A9 /* Frameworks */ = {
			isa = PBXFrameworksBuildPhase;
			buildActionMask = 2147483647;
			files = (
			);
			runOnlyForDeploymentPostprocessing = 0;
		};
/* End PBXFrameworksBuildPhase section */

/* Begin PBXGroup section */
		526B96842A62CF9900F663A9 = {
			isa = PBXGroup;
			children = (
				526E3F5C2A69BCEF00F1279E /* CatGallery+CoreDataClass.swift */,
				526E3F5D2A69BCEF00F1279E /* CatGallery+CoreDataProperties.swift */,
				526B968F2A62CF9900F663A9 /* RandomCatGeneratorSwift */,
				526B96A62A62CF9A00F663A9 /* RandomCatGeneratorSwiftTests */,
				526B96B02A62CF9A00F663A9 /* RandomCatGeneratorSwiftUITests */,
				526B968E2A62CF9900F663A9 /* Products */,
			);
			sourceTree = "<group>";
		};
		526B968E2A62CF9900F663A9 /* Products */ = {
			isa = PBXGroup;
			children = (
				526B968D2A62CF9900F663A9 /* RandomCatGeneratorSwift.app */,
				526B96A32A62CF9A00F663A9 /* RandomCatGeneratorSwiftTests.xctest */,
				526B96AD2A62CF9A00F663A9 /* RandomCatGeneratorSwiftUITests.xctest */,
			);
			name = Products;
			sourceTree = "<group>";
		};
		526B968F2A62CF9900F663A9 /* RandomCatGeneratorSwift */ = {
			isa = PBXGroup;
			children = (
				526E3F662A6ADADE00F1279E /* Photos */,
				7C6AA1F72A6A6BEF0023CF34 /* Services */,
				526E3F562A69A84700F1279E /* ResponceModels */,
				526E3F552A69A0DB00F1279E /* VC */,
				526B96902A62CF9900F663A9 /* AppDelegate.swift */,
				526B96922A62CF9900F663A9 /* SceneDelegate.swift */,
				526E3F572A69AC6D00F1279E /* Model.xcdatamodeld */,
				526B96962A62CF9900F663A9 /* Main.storyboard */,
				526B96992A62CF9A00F663A9 /* Assets.xcassets */,
				526B969B2A62CF9A00F663A9 /* LaunchScreen.storyboard */,
				526B969E2A62CF9A00F663A9 /* Info.plist */,
			);
			path = RandomCatGeneratorSwift;
			sourceTree = "<group>";
		};
		526B96A62A62CF9A00F663A9 /* RandomCatGeneratorSwiftTests */ = {
			isa = PBXGroup;
			children = (
				526B96A72A62CF9A00F663A9 /* RandomCatGeneratorSwiftTests.swift */,
			);
			path = RandomCatGeneratorSwiftTests;
			sourceTree = "<group>";
		};
		526B96B02A62CF9A00F663A9 /* RandomCatGeneratorSwiftUITests */ = {
			isa = PBXGroup;
			children = (
				526B96B12A62CF9A00F663A9 /* RandomCatGeneratorSwiftUITests.swift */,
				526B96B32A62CF9A00F663A9 /* RandomCatGeneratorSwiftUITestsLaunchTests.swift */,
			);
			path = RandomCatGeneratorSwiftUITests;
			sourceTree = "<group>";
		};
		526E3F552A69A0DB00F1279E /* VC */ = {
			isa = PBXGroup;
			children = (
				526E3F6B2A6B2B2600F1279E /* CatDetailVC.swift */,
				526E3F532A699FD400F1279E /* CatTableViewCell.swift */,
				526B96C22A62EC4500F663A9 /* GalleryVC.swift */,
				526B96C02A62E34B00F663A9 /* MainVC.swift */,
			);
			path = VC;
			sourceTree = "<group>";
		};
		526E3F562A69A84700F1279E /* ResponceModels */ = {
			isa = PBXGroup;
			children = (
				526E3F602A69C09E00F1279E /* PersistentContainer.swift */,
				7C6AA2052A6A6EF30023CF34 /* CatResponseModel.swift */,
			);
			path = ResponceModels;
			sourceTree = "<group>";
		};
		526E3F662A6ADADE00F1279E /* Photos */ = {
			isa = PBXGroup;
			children = (
				526E3F692A6AE6A500F1279E /* AnonymousCat.png */,
			);
			path = Photos;
			sourceTree = "<group>";
		};
		7C6AA1F72A6A6BEF0023CF34 /* Services */ = {
			isa = PBXGroup;
			children = (
				526E3F642A6A8A9100F1279E /* Interactor.swift */,
				7C6AA1F82A6A6C1B0023CF34 /* APITarget.swift */,
				7C6AA2032A6A6E4B0023CF34 /* NetworkManager.swift */,
			);
			path = Services;
			sourceTree = "<group>";
		};
/* End PBXGroup section */

/* Begin PBXNativeTarget section */
		526B968C2A62CF9900F663A9 /* RandomCatGeneratorSwift */ = {
			isa = PBXNativeTarget;
			buildConfigurationList = 526B96B72A62CF9A00F663A9 /* Build configuration list for PBXNativeTarget "RandomCatGeneratorSwift" */;
			buildPhases = (
				526B96892A62CF9900F663A9 /* Sources */,
				526B968A2A62CF9900F663A9 /* Frameworks */,
				526B968B2A62CF9900F663A9 /* Resources */,
			);
			buildRules = (
			);
			dependencies = (
			);
			name = RandomCatGeneratorSwift;
			packageProductDependencies = (
				7C6AA1FB2A6A6C600023CF34 /* CombineMoya */,
				7C6AA1FD2A6A6C600023CF34 /* Moya */,
				7C6AA1FF2A6A6C600023CF34 /* ReactiveMoya */,
				7C6AA2012A6A6C600023CF34 /* RxMoya */,
			);
			productName = RandomCatGeneratorSwift;
			productReference = 526B968D2A62CF9900F663A9 /* RandomCatGeneratorSwift.app */;
			productType = "com.apple.product-type.application";
		};
		526B96A22A62CF9A00F663A9 /* RandomCatGeneratorSwiftTests */ = {
			isa = PBXNativeTarget;
			buildConfigurationList = 526B96BA2A62CF9A00F663A9 /* Build configuration list for PBXNativeTarget "RandomCatGeneratorSwiftTests" */;
			buildPhases = (
				526B969F2A62CF9A00F663A9 /* Sources */,
				526B96A02A62CF9A00F663A9 /* Frameworks */,
				526B96A12A62CF9A00F663A9 /* Resources */,
			);
			buildRules = (
			);
			dependencies = (
				526B96A52A62CF9A00F663A9 /* PBXTargetDependency */,
			);
			name = RandomCatGeneratorSwiftTests;
			productName = RandomCatGeneratorSwiftTests;
			productReference = 526B96A32A62CF9A00F663A9 /* RandomCatGeneratorSwiftTests.xctest */;
			productType = "com.apple.product-type.bundle.unit-test";
		};
		526B96AC2A62CF9A00F663A9 /* RandomCatGeneratorSwiftUITests */ = {
			isa = PBXNativeTarget;
			buildConfigurationList = 526B96BD2A62CF9A00F663A9 /* Build configuration list for PBXNativeTarget "RandomCatGeneratorSwiftUITests" */;
			buildPhases = (
				526B96A92A62CF9A00F663A9 /* Sources */,
				526B96AA2A62CF9A00F663A9 /* Frameworks */,
				526B96AB2A62CF9A00F663A9 /* Resources */,
			);
			buildRules = (
			);
			dependencies = (
				526B96AF2A62CF9A00F663A9 /* PBXTargetDependency */,
			);
			name = RandomCatGeneratorSwiftUITests;
			productName = RandomCatGeneratorSwiftUITests;
			productReference = 526B96AD2A62CF9A00F663A9 /* RandomCatGeneratorSwiftUITests.xctest */;
			productType = "com.apple.product-type.bundle.ui-testing";
		};
/* End PBXNativeTarget section */

/* Begin PBXProject section */
		526B96852A62CF9900F663A9 /* Project object */ = {
			isa = PBXProject;
			attributes = {
				BuildIndependentTargetsInParallel = 1;
				LastSwiftUpdateCheck = 1430;
				LastUpgradeCheck = 1430;
				TargetAttributes = {
					526B968C2A62CF9900F663A9 = {
						CreatedOnToolsVersion = 14.3.1;
					};
					526B96A22A62CF9A00F663A9 = {
						CreatedOnToolsVersion = 14.3.1;
						TestTargetID = 526B968C2A62CF9900F663A9;
					};
					526B96AC2A62CF9A00F663A9 = {
						CreatedOnToolsVersion = 14.3.1;
						TestTargetID = 526B968C2A62CF9900F663A9;
					};
				};
			};
			buildConfigurationList = 526B96882A62CF9900F663A9 /* Build configuration list for PBXProject "RandomCatGeneratorSwift" */;
			compatibilityVersion = "Xcode 14.0";
			developmentRegion = en;
			hasScannedForEncodings = 0;
			knownRegions = (
				en,
				Base,
			);
			mainGroup = 526B96842A62CF9900F663A9;
			packageReferences = (
				7C6AA1FA2A6A6C600023CF34 /* XCRemoteSwiftPackageReference "Moya" */,
			);
			productRefGroup = 526B968E2A62CF9900F663A9 /* Products */;
			projectDirPath = "";
			projectRoot = "";
			targets = (
				526B968C2A62CF9900F663A9 /* RandomCatGeneratorSwift */,
				526B96A22A62CF9A00F663A9 /* RandomCatGeneratorSwiftTests */,
				526B96AC2A62CF9A00F663A9 /* RandomCatGeneratorSwiftUITests */,
			);
		};
/* End PBXProject section */

/* Begin PBXResourcesBuildPhase section */
		526B968B2A62CF9900F663A9 /* Resources */ = {
			isa = PBXResourcesBuildPhase;
			buildActionMask = 2147483647;
			files = (
				526E3F6A2A6AE6A500F1279E /* AnonymousCat.png in Resources */,
				526B969D2A62CF9A00F663A9 /* LaunchScreen.storyboard in Resources */,
				526B969A2A62CF9A00F663A9 /* Assets.xcassets in Resources */,
				526B96982A62CF9900F663A9 /* Main.storyboard in Resources */,
			);
			runOnlyForDeploymentPostprocessing = 0;
		};
		526B96A12A62CF9A00F663A9 /* Resources */ = {
			isa = PBXResourcesBuildPhase;
			buildActionMask = 2147483647;
			files = (
			);
			runOnlyForDeploymentPostprocessing = 0;
		};
		526B96AB2A62CF9A00F663A9 /* Resources */ = {
			isa = PBXResourcesBuildPhase;
			buildActionMask = 2147483647;
			files = (
			);
			runOnlyForDeploymentPostprocessing = 0;
		};
/* End PBXResourcesBuildPhase section */

/* Begin PBXSourcesBuildPhase section */
		526B96892A62CF9900F663A9 /* Sources */ = {
			isa = PBXSourcesBuildPhase;
			buildActionMask = 2147483647;
			files = (
				526E3F6C2A6B2B2600F1279E /* CatDetailVC.swift in Sources */,
				7C6AA2042A6A6E4B0023CF34 /* NetworkManager.swift in Sources */,
				526B96912A62CF9900F663A9 /* AppDelegate.swift in Sources */,
				526B96C12A62E34B00F663A9 /* MainVC.swift in Sources */,
				526E3F612A69C09E00F1279E /* PersistentContainer.swift in Sources */,
				526E3F542A699FD400F1279E /* CatTableViewCell.swift in Sources */,
				7C6AA2062A6A6EF30023CF34 /* CatResponseModel.swift in Sources */,
				526B96932A62CF9900F663A9 /* SceneDelegate.swift in Sources */,
				526B96C32A62EC4500F663A9 /* GalleryVC.swift in Sources */,
				526E3F652A6A8A9100F1279E /* Interactor.swift in Sources */,
				526E3F5E2A69BCEF00F1279E /* CatGallery+CoreDataClass.swift in Sources */,
				526E3F5F2A69BCEF00F1279E /* CatGallery+CoreDataProperties.swift in Sources */,
				7C6AA1F92A6A6C1B0023CF34 /* APITarget.swift in Sources */,
				526E3F592A69AC6D00F1279E /* Model.xcdatamodeld in Sources */,
			);
			runOnlyForDeploymentPostprocessing = 0;
		};
		526B969F2A62CF9A00F663A9 /* Sources */ = {
			isa = PBXSourcesBuildPhase;
			buildActionMask = 2147483647;
			files = (
				526B96A82A62CF9A00F663A9 /* RandomCatGeneratorSwiftTests.swift in Sources */,
			);
			runOnlyForDeploymentPostprocessing = 0;
		};
		526B96A92A62CF9A00F663A9 /* Sources */ = {
			isa = PBXSourcesBuildPhase;
			buildActionMask = 2147483647;
			files = (
				526B96B42A62CF9A00F663A9 /* RandomCatGeneratorSwiftUITestsLaunchTests.swift in Sources */,
				526B96B22A62CF9A00F663A9 /* RandomCatGeneratorSwiftUITests.swift in Sources */,
			);
			runOnlyForDeploymentPostprocessing = 0;
		};
/* End PBXSourcesBuildPhase section */

/* Begin PBXTargetDependency section */
		526B96A52A62CF9A00F663A9 /* PBXTargetDependency */ = {
			isa = PBXTargetDependency;
			target = 526B968C2A62CF9900F663A9 /* RandomCatGeneratorSwift */;
			targetProxy = 526B96A42A62CF9A00F663A9 /* PBXContainerItemProxy */;
		};
		526B96AF2A62CF9A00F663A9 /* PBXTargetDependency */ = {
			isa = PBXTargetDependency;
			target = 526B968C2A62CF9900F663A9 /* RandomCatGeneratorSwift */;
			targetProxy = 526B96AE2A62CF9A00F663A9 /* PBXContainerItemProxy */;
		};
/* End PBXTargetDependency section */

/* Begin PBXVariantGroup section */
		526B96962A62CF9900F663A9 /* Main.storyboard */ = {
			isa = PBXVariantGroup;
			children = (
				526B96972A62CF9900F663A9 /* Base */,
			);
			name = Main.storyboard;
			sourceTree = "<group>";
		};
		526B969B2A62CF9A00F663A9 /* LaunchScreen.storyboard */ = {
			isa = PBXVariantGroup;
			children = (
				526B969C2A62CF9A00F663A9 /* Base */,
			);
			name = LaunchScreen.storyboard;
			sourceTree = "<group>";
		};
/* End PBXVariantGroup section */

/* Begin XCBuildConfiguration section */
		526B96B52A62CF9A00F663A9 /* Debug */ = {
			isa = XCBuildConfiguration;
			buildSettings = {
				ALWAYS_SEARCH_USER_PATHS = NO;
				CLANG_ANALYZER_NONNULL = YES;
				CLANG_ANALYZER_NUMBER_OBJECT_CONVERSION = YES_AGGRESSIVE;
				CLANG_CXX_LANGUAGE_STANDARD = "gnu++20";
				CLANG_ENABLE_MODULES = YES;
				CLANG_ENABLE_OBJC_ARC = YES;
				CLANG_ENABLE_OBJC_WEAK = YES;
				CLANG_WARN_BLOCK_CAPTURE_AUTORELEASING = YES;
				CLANG_WARN_BOOL_CONVERSION = YES;
				CLANG_WARN_COMMA = YES;
				CLANG_WARN_CONSTANT_CONVERSION = YES;
				CLANG_WARN_DEPRECATED_OBJC_IMPLEMENTATIONS = YES;
				CLANG_WARN_DIRECT_OBJC_ISA_USAGE = YES_ERROR;
				CLANG_WARN_DOCUMENTATION_COMMENTS = YES;
				CLANG_WARN_EMPTY_BODY = YES;
				CLANG_WARN_ENUM_CONVERSION = YES;
				CLANG_WARN_INFINITE_RECURSION = YES;
				CLANG_WARN_INT_CONVERSION = YES;
				CLANG_WARN_NON_LITERAL_NULL_CONVERSION = YES;
				CLANG_WARN_OBJC_IMPLICIT_RETAIN_SELF = YES;
				CLANG_WARN_OBJC_LITERAL_CONVERSION = YES;
				CLANG_WARN_OBJC_ROOT_CLASS = YES_ERROR;
				CLANG_WARN_QUOTED_INCLUDE_IN_FRAMEWORK_HEADER = YES;
				CLANG_WARN_RANGE_LOOP_ANALYSIS = YES;
				CLANG_WARN_STRICT_PROTOTYPES = YES;
				CLANG_WARN_SUSPICIOUS_MOVE = YES;
				CLANG_WARN_UNGUARDED_AVAILABILITY = YES_AGGRESSIVE;
				CLANG_WARN_UNREACHABLE_CODE = YES;
				CLANG_WARN__DUPLICATE_METHOD_MATCH = YES;
				COPY_PHASE_STRIP = NO;
				DEBUG_INFORMATION_FORMAT = dwarf;
				ENABLE_STRICT_OBJC_MSGSEND = YES;
				ENABLE_TESTABILITY = YES;
				GCC_C_LANGUAGE_STANDARD = gnu11;
				GCC_DYNAMIC_NO_PIC = NO;
				GCC_NO_COMMON_BLOCKS = YES;
				GCC_OPTIMIZATION_LEVEL = 0;
				GCC_PREPROCESSOR_DEFINITIONS = (
					"DEBUG=1",
					"$(inherited)",
				);
				GCC_WARN_64_TO_32_BIT_CONVERSION = YES;
				GCC_WARN_ABOUT_RETURN_TYPE = YES_ERROR;
				GCC_WARN_UNDECLARED_SELECTOR = YES;
				GCC_WARN_UNINITIALIZED_AUTOS = YES_AGGRESSIVE;
				GCC_WARN_UNUSED_FUNCTION = YES;
				GCC_WARN_UNUSED_VARIABLE = YES;
				IPHONEOS_DEPLOYMENT_TARGET = 16.4;
				MTL_ENABLE_DEBUG_INFO = INCLUDE_SOURCE;
				MTL_FAST_MATH = YES;
				ONLY_ACTIVE_ARCH = YES;
				SDKROOT = iphoneos;
				SWIFT_ACTIVE_COMPILATION_CONDITIONS = DEBUG;
				SWIFT_OPTIMIZATION_LEVEL = "-Onone";
			};
			name = Debug;
		};
		526B96B62A62CF9A00F663A9 /* Release */ = {
			isa = XCBuildConfiguration;
			buildSettings = {
				ALWAYS_SEARCH_USER_PATHS = NO;
				CLANG_ANALYZER_NONNULL = YES;
				CLANG_ANALYZER_NUMBER_OBJECT_CONVERSION = YES_AGGRESSIVE;
				CLANG_CXX_LANGUAGE_STANDARD = "gnu++20";
				CLANG_ENABLE_MODULES = YES;
				CLANG_ENABLE_OBJC_ARC = YES;
				CLANG_ENABLE_OBJC_WEAK = YES;
				CLANG_WARN_BLOCK_CAPTURE_AUTORELEASING = YES;
				CLANG_WARN_BOOL_CONVERSION = YES;
				CLANG_WARN_COMMA = YES;
				CLANG_WARN_CONSTANT_CONVERSION = YES;
				CLANG_WARN_DEPRECATED_OBJC_IMPLEMENTATIONS = YES;
				CLANG_WARN_DIRECT_OBJC_ISA_USAGE = YES_ERROR;
				CLANG_WARN_DOCUMENTATION_COMMENTS = YES;
				CLANG_WARN_EMPTY_BODY = YES;
				CLANG_WARN_ENUM_CONVERSION = YES;
				CLANG_WARN_INFINITE_RECURSION = YES;
				CLANG_WARN_INT_CONVERSION = YES;
				CLANG_WARN_NON_LITERAL_NULL_CONVERSION = YES;
				CLANG_WARN_OBJC_IMPLICIT_RETAIN_SELF = YES;
				CLANG_WARN_OBJC_LITERAL_CONVERSION = YES;
				CLANG_WARN_OBJC_ROOT_CLASS = YES_ERROR;
				CLANG_WARN_QUOTED_INCLUDE_IN_FRAMEWORK_HEADER = YES;
				CLANG_WARN_RANGE_LOOP_ANALYSIS = YES;
				CLANG_WARN_STRICT_PROTOTYPES = YES;
				CLANG_WARN_SUSPICIOUS_MOVE = YES;
				CLANG_WARN_UNGUARDED_AVAILABILITY = YES_AGGRESSIVE;
				CLANG_WARN_UNREACHABLE_CODE = YES;
				CLANG_WARN__DUPLICATE_METHOD_MATCH = YES;
				COPY_PHASE_STRIP = NO;
				DEBUG_INFORMATION_FORMAT = "dwarf-with-dsym";
				ENABLE_NS_ASSERTIONS = NO;
				ENABLE_STRICT_OBJC_MSGSEND = YES;
				GCC_C_LANGUAGE_STANDARD = gnu11;
				GCC_NO_COMMON_BLOCKS = YES;
				GCC_WARN_64_TO_32_BIT_CONVERSION = YES;
				GCC_WARN_ABOUT_RETURN_TYPE = YES_ERROR;
				GCC_WARN_UNDECLARED_SELECTOR = YES;
				GCC_WARN_UNINITIALIZED_AUTOS = YES_AGGRESSIVE;
				GCC_WARN_UNUSED_FUNCTION = YES;
				GCC_WARN_UNUSED_VARIABLE = YES;
				IPHONEOS_DEPLOYMENT_TARGET = 16.4;
				MTL_ENABLE_DEBUG_INFO = NO;
				MTL_FAST_MATH = YES;
				SDKROOT = iphoneos;
				SWIFT_COMPILATION_MODE = wholemodule;
				SWIFT_OPTIMIZATION_LEVEL = "-O";
				VALIDATE_PRODUCT = YES;
			};
			name = Release;
		};
		526B96B82A62CF9A00F663A9 /* Debug */ = {
			isa = XCBuildConfiguration;
			buildSettings = {
				ASSETCATALOG_COMPILER_APPICON_NAME = AppIcon;
				ASSETCATALOG_COMPILER_GLOBAL_ACCENT_COLOR_NAME = AccentColor;
				CODE_SIGN_STYLE = Automatic;
				CURRENT_PROJECT_VERSION = 1;
				DEVELOPMENT_TEAM = SD575536JG;
				GENERATE_INFOPLIST_FILE = YES;
				INFOPLIST_FILE = RandomCatGeneratorSwift/Info.plist;
				INFOPLIST_KEY_UIApplicationSupportsIndirectInputEvents = YES;
				INFOPLIST_KEY_UILaunchStoryboardName = LaunchScreen;
				INFOPLIST_KEY_UIMainStoryboardFile = Main;
				INFOPLIST_KEY_UISupportedInterfaceOrientations_iPad = "UIInterfaceOrientationPortrait UIInterfaceOrientationPortraitUpsideDown UIInterfaceOrientationLandscapeLeft UIInterfaceOrientationLandscapeRight";
				INFOPLIST_KEY_UISupportedInterfaceOrientations_iPhone = "UIInterfaceOrientationPortrait UIInterfaceOrientationLandscapeLeft UIInterfaceOrientationLandscapeRight";
				LD_RUNPATH_SEARCH_PATHS = (
					"$(inherited)",
					"@executable_path/Frameworks",
				);
				MARKETING_VERSION = 1.0;
				PRODUCT_BUNDLE_IDENTIFIER = "Egopoler-s-project.RandomCatGeneratorSwift";
				PRODUCT_NAME = "$(TARGET_NAME)";
				SWIFT_EMIT_LOC_STRINGS = YES;
				SWIFT_VERSION = 5.0;
				TARGETED_DEVICE_FAMILY = "1,2";
			};
			name = Debug;
		};
		526B96B92A62CF9A00F663A9 /* Release */ = {
			isa = XCBuildConfiguration;
			buildSettings = {
				ASSETCATALOG_COMPILER_APPICON_NAME = AppIcon;
				ASSETCATALOG_COMPILER_GLOBAL_ACCENT_COLOR_NAME = AccentColor;
				CODE_SIGN_STYLE = Automatic;
				CURRENT_PROJECT_VERSION = 1;
				DEVELOPMENT_TEAM = SD575536JG;
				GENERATE_INFOPLIST_FILE = YES;
				INFOPLIST_FILE = RandomCatGeneratorSwift/Info.plist;
				INFOPLIST_KEY_UIApplicationSupportsIndirectInputEvents = YES;
				INFOPLIST_KEY_UILaunchStoryboardName = LaunchScreen;
				INFOPLIST_KEY_UIMainStoryboardFile = Main;
				INFOPLIST_KEY_UISupportedInterfaceOrientations_iPad = "UIInterfaceOrientationPortrait UIInterfaceOrientationPortraitUpsideDown UIInterfaceOrientationLandscapeLeft UIInterfaceOrientationLandscapeRight";
				INFOPLIST_KEY_UISupportedInterfaceOrientations_iPhone = "UIInterfaceOrientationPortrait UIInterfaceOrientationLandscapeLeft UIInterfaceOrientationLandscapeRight";
				LD_RUNPATH_SEARCH_PATHS = (
					"$(inherited)",
					"@executable_path/Frameworks",
				);
				MARKETING_VERSION = 1.0;
				PRODUCT_BUNDLE_IDENTIFIER = "Egopoler-s-project.RandomCatGeneratorSwift";
				PRODUCT_NAME = "$(TARGET_NAME)";
				SWIFT_EMIT_LOC_STRINGS = YES;
				SWIFT_VERSION = 5.0;
				TARGETED_DEVICE_FAMILY = "1,2";
			};
			name = Release;
		};
		526B96BB2A62CF9A00F663A9 /* Debug */ = {
			isa = XCBuildConfiguration;
			buildSettings = {
				ALWAYS_EMBED_SWIFT_STANDARD_LIBRARIES = YES;
				BUNDLE_LOADER = "$(TEST_HOST)";
				CODE_SIGN_STYLE = Automatic;
				CURRENT_PROJECT_VERSION = 1;
				DEVELOPMENT_TEAM = XA5L2M5MVF;
				GENERATE_INFOPLIST_FILE = YES;
				IPHONEOS_DEPLOYMENT_TARGET = 16.4;
				MARKETING_VERSION = 1.0;
				PRODUCT_BUNDLE_IDENTIFIER = "Egopoler-s-project.RandomCatGeneratorSwiftTests";
				PRODUCT_NAME = "$(TARGET_NAME)";
				SWIFT_EMIT_LOC_STRINGS = NO;
				SWIFT_VERSION = 5.0;
				TARGETED_DEVICE_FAMILY = "1,2";
				TEST_HOST = "$(BUILT_PRODUCTS_DIR)/RandomCatGeneratorSwift.app/$(BUNDLE_EXECUTABLE_FOLDER_PATH)/RandomCatGeneratorSwift";
			};
			name = Debug;
		};
		526B96BC2A62CF9A00F663A9 /* Release */ = {
			isa = XCBuildConfiguration;
			buildSettings = {
				ALWAYS_EMBED_SWIFT_STANDARD_LIBRARIES = YES;
				BUNDLE_LOADER = "$(TEST_HOST)";
				CODE_SIGN_STYLE = Automatic;
				CURRENT_PROJECT_VERSION = 1;
				DEVELOPMENT_TEAM = XA5L2M5MVF;
				GENERATE_INFOPLIST_FILE = YES;
				IPHONEOS_DEPLOYMENT_TARGET = 16.4;
				MARKETING_VERSION = 1.0;
				PRODUCT_BUNDLE_IDENTIFIER = "Egopoler-s-project.RandomCatGeneratorSwiftTests";
				PRODUCT_NAME = "$(TARGET_NAME)";
				SWIFT_EMIT_LOC_STRINGS = NO;
				SWIFT_VERSION = 5.0;
				TARGETED_DEVICE_FAMILY = "1,2";
				TEST_HOST = "$(BUILT_PRODUCTS_DIR)/RandomCatGeneratorSwift.app/$(BUNDLE_EXECUTABLE_FOLDER_PATH)/RandomCatGeneratorSwift";
			};
			name = Release;
		};
		526B96BE2A62CF9A00F663A9 /* Debug */ = {
			isa = XCBuildConfiguration;
			buildSettings = {
				ALWAYS_EMBED_SWIFT_STANDARD_LIBRARIES = YES;
				CODE_SIGN_STYLE = Automatic;
				CURRENT_PROJECT_VERSION = 1;
				DEVELOPMENT_TEAM = XA5L2M5MVF;
				GENERATE_INFOPLIST_FILE = YES;
				MARKETING_VERSION = 1.0;
				PRODUCT_BUNDLE_IDENTIFIER = "Egopoler-s-project.RandomCatGeneratorSwiftUITests";
				PRODUCT_NAME = "$(TARGET_NAME)";
				SWIFT_EMIT_LOC_STRINGS = NO;
				SWIFT_VERSION = 5.0;
				TARGETED_DEVICE_FAMILY = "1,2";
				TEST_TARGET_NAME = RandomCatGeneratorSwift;
			};
			name = Debug;
		};
		526B96BF2A62CF9A00F663A9 /* Release */ = {
			isa = XCBuildConfiguration;
			buildSettings = {
				ALWAYS_EMBED_SWIFT_STANDARD_LIBRARIES = YES;
				CODE_SIGN_STYLE = Automatic;
				CURRENT_PROJECT_VERSION = 1;
				DEVELOPMENT_TEAM = XA5L2M5MVF;
				GENERATE_INFOPLIST_FILE = YES;
				MARKETING_VERSION = 1.0;
				PRODUCT_BUNDLE_IDENTIFIER = "Egopoler-s-project.RandomCatGeneratorSwiftUITests";
				PRODUCT_NAME = "$(TARGET_NAME)";
				SWIFT_EMIT_LOC_STRINGS = NO;
				SWIFT_VERSION = 5.0;
				TARGETED_DEVICE_FAMILY = "1,2";
				TEST_TARGET_NAME = RandomCatGeneratorSwift;
			};
			name = Release;
		};
/* End XCBuildConfiguration section */

/* Begin XCConfigurationList section */
		526B96882A62CF9900F663A9 /* Build configuration list for PBXProject "RandomCatGeneratorSwift" */ = {
			isa = XCConfigurationList;
			buildConfigurations = (
				526B96B52A62CF9A00F663A9 /* Debug */,
				526B96B62A62CF9A00F663A9 /* Release */,
			);
			defaultConfigurationIsVisible = 0;
			defaultConfigurationName = Release;
		};
		526B96B72A62CF9A00F663A9 /* Build configuration list for PBXNativeTarget "RandomCatGeneratorSwift" */ = {
			isa = XCConfigurationList;
			buildConfigurations = (
				526B96B82A62CF9A00F663A9 /* Debug */,
				526B96B92A62CF9A00F663A9 /* Release */,
			);
			defaultConfigurationIsVisible = 0;
			defaultConfigurationName = Release;
		};
		526B96BA2A62CF9A00F663A9 /* Build configuration list for PBXNativeTarget "RandomCatGeneratorSwiftTests" */ = {
			isa = XCConfigurationList;
			buildConfigurations = (
				526B96BB2A62CF9A00F663A9 /* Debug */,
				526B96BC2A62CF9A00F663A9 /* Release */,
			);
			defaultConfigurationIsVisible = 0;
			defaultConfigurationName = Release;
		};
		526B96BD2A62CF9A00F663A9 /* Build configuration list for PBXNativeTarget "RandomCatGeneratorSwiftUITests" */ = {
			isa = XCConfigurationList;
			buildConfigurations = (
				526B96BE2A62CF9A00F663A9 /* Debug */,
				526B96BF2A62CF9A00F663A9 /* Release */,
			);
			defaultConfigurationIsVisible = 0;
			defaultConfigurationName = Release;
		};
/* End XCConfigurationList section */

/* Begin XCRemoteSwiftPackageReference section */
		7C6AA1FA2A6A6C600023CF34 /* XCRemoteSwiftPackageReference "Moya" */ = {
			isa = XCRemoteSwiftPackageReference;
			repositoryURL = "https://github.com/Moya/Moya";
			requirement = {
				kind = upToNextMajorVersion;
				minimumVersion = 15.0.0;
			};
		};
/* End XCRemoteSwiftPackageReference section */

/* Begin XCSwiftPackageProductDependency section */
		7C6AA1FB2A6A6C600023CF34 /* CombineMoya */ = {
			isa = XCSwiftPackageProductDependency;
			package = 7C6AA1FA2A6A6C600023CF34 /* XCRemoteSwiftPackageReference "Moya" */;
			productName = CombineMoya;
		};
		7C6AA1FD2A6A6C600023CF34 /* Moya */ = {
			isa = XCSwiftPackageProductDependency;
			package = 7C6AA1FA2A6A6C600023CF34 /* XCRemoteSwiftPackageReference "Moya" */;
			productName = Moya;
		};
		7C6AA1FF2A6A6C600023CF34 /* ReactiveMoya */ = {
			isa = XCSwiftPackageProductDependency;
			package = 7C6AA1FA2A6A6C600023CF34 /* XCRemoteSwiftPackageReference "Moya" */;
			productName = ReactiveMoya;
		};
		7C6AA2012A6A6C600023CF34 /* RxMoya */ = {
			isa = XCSwiftPackageProductDependency;
			package = 7C6AA1FA2A6A6C600023CF34 /* XCRemoteSwiftPackageReference "Moya" */;
			productName = RxMoya;
		};
/* End XCSwiftPackageProductDependency section */

/* Begin XCVersionGroup section */
		526E3F572A69AC6D00F1279E /* Model.xcdatamodeld */ = {
			isa = XCVersionGroup;
			children = (
				526E3F582A69AC6D00F1279E /* Model.xcdatamodel */,
			);
			currentVersion = 526E3F582A69AC6D00F1279E /* Model.xcdatamodel */;
			path = Model.xcdatamodeld;
			sourceTree = "<group>";
			versionGroupType = wrapper.xcdatamodel;
		};
/* End XCVersionGroup section */
	};
	rootObject = 526B96852A62CF9900F663A9 /* Project object */;
}
